github.com/livebud/bud v0.2.8 h1:olSWt3LV0W7Akm070cdzTlGV+bj1p+OMQC4XgosRtOk=
github.com/livebud/bud v0.2.8/go.mod h1:TuOr0ACyv9OfZ7fdYJbfOAK0wqfdNZ9IEaMlUjpqqmU=
github.com/matryer/is v1.4.1 h1:55ehd8zaGABKLXQUe2awZ99BD/PTc2ls+KV/dXphgEQ=
github.com/matryer/is v1.4.1/go.mod h1:8I/i5uYgLzgsgEloJE1U6xx5HkBQpAZvepWuujKwMRU=
github.com/tetratelabs/wazero v1.5.0 h1:Yz3fZHivfDiZFUXnWMPUoiW7s8tC1sjdBtlJn08qYa0=
github.com/tetratelabs/wazero v1.5.0/go.mod h1:0U0G41+ochRKoPKCJlh0jMg1CHkyfK8kDqiirMmKY8A=
go.kuoruan.net/v8go-polyfills v0.5.1-0.20220727011656-c74c5b408ebd h1:lMfOO39WTD+CxBPmqZvLdISrLVsEjgNfWoV4viBt15M=
go.kuoruan.net/v8go-polyfills v0.5.1-0.20220727011656-c74c5b408ebd/go.mod h1:egHzK8RIHR7dPOYzhnRsomClFTVmYCtvhTWqec4JXaY=
rogchap.com/v8go v0.7.0 h1:kgjbiO4zE5itA962ze6Hqmbs4HgZbGzmueCXsZtremg=
rogchap.com/v8go v0.7.0/go.mod h1:MxgP3pL2MW4dpme/72QRs8sgNMmM0pRc8DPhcuLWPAs=
